
Microsoft Visual Studio Solution File, Format Version 12.00
# Visual Studio 15
VisualStudioVersion = 15.0.28307.271
MinimumVisualStudioVersion = 10.0.40219.1
Project("{FAE04EC0-301F-11D3-BF4B-00C04F79EFBC}") = "Sockets", "Sockets\Sockets.csproj", "{F89D6FF3-8CDD-4FC5-A6D2-98EFD0B7C2BC}"
EndProject
Global
	GlobalSection(SolutionConfigurationPlatforms) = preSolution
		Debug|Any CPU = Debug|Any CPU
		Release|Any CPU = Release|Any CPU
	EndGlobalSection
	GlobalSection(ProjectConfigurationPlatforms) = postSolution
		{F89D6FF3-8CDD-4FC5-A6D2-98EFD0B7C2BC}.Debug|Any CPU.ActiveCfg = Debug|Any CPU
		{F89D6FF3-8CDD-4FC5-A6D2-98EFD0B7C2BC}.Debug|Any CPU.Build.0 = Debug|Any CPU
		{F89D6FF3-8CDD-4FC5-A6D2-98EFD0B7C2BC}.Release|Any CPU.ActiveCfg = Release|Any CPU
		{F89D6FF3-8CDD-4FC5-A6D2-98EFD0B7C2BC}.Release|Any CPU.Build.0 = Release|Any CPU
	EndGlobalSection
	GlobalSection(SolutionProperties) = preSolution
		HideSolutionNode = FALSE
	EndGlobalSection
	GlobalSection(ExtensibilityGlobals) = postSolution
		SolutionGuid = {1DC62D40-E94C-4646-9815-B7AB206ED935}
	EndGlobalSection
EndGlobal
